{
  "name": "loafblog_uniapp",
  "version": "1.0.0",
  "lockfileVersion": 1,
  "requires": true,
  "dependencies": {
    "deepmerge": {
      "version": "4.2.2",
      "resolved": "https://registry.nlark.com/deepmerge/download/deepmerge-4.2.2.tgz?cache=0&sync_timestamp=1622025358084&other_urls=https%3A%2F%2Fregistry.nlark.com%2Fdeepmerge%2Fdownload%2Fdeepmerge-4.2.2.tgz",
      "integrity": "sha1-RNLqNnm49NT/ujPwPYZfwee/SVU="
    },
    "shvl": {
      "version": "2.0.3",
      "resolved": "https://registry.npm.taobao.org/shvl/download/shvl-2.0.3.tgz?cache=0&sync_timestamp=1618213559489&other_urls=https%3A%2F%2Fregistry.npm.taobao.org%2Fshvl%2Fdownload%2Fshvl-2.0.3.tgz",
      "integrity": "sha1-60vTdkT1aEu6H8UsMBDJb7Xmr9E="
    },
    "uview-ui": {
      "version": "1.8.4",
      "resolved": "https://registry.npm.taobao.org/uview-ui/download/uview-ui-1.8.4.tgz?cache=0&sync_timestamp=1616143802697&other_urls=https%3A%2F%2Fregistry.npm.taobao.org%2Fuview-ui%2Fdownload%2Fuview-ui-1.8.4.tgz",
      "integrity": "sha1-4yu/I3lCHTGQIuMk4ct7U4fTvUQ="
    },
    "vuex": {
      "version": "3.6.2",
      "resolved": "https://registry.nlark.com/vuex/download/vuex-3.6.2.tgz",
      "integrity": "sha1-I2vAhqhww655lG8QfxbeWdWJXnE="
    },
    "vuex-persistedstate": {
      "version": "4.1.0",
      "resolved": "https://registry.nlark.com/vuex-persistedstate/download/vuex-persistedstate-4.1.0.tgz?cache=0&sync_timestamp=1632225657120&other_urls=https%3A%2F%2Fregistry.nlark.com%2Fvuex-persistedstate%2Fdownload%2Fvuex-persistedstate-4.1.0.tgz",
      "integrity": "sha1-EnFl+F9bRTT7MXCl06i+mBG9KlM=",
      "requires": {
        "deepmerge": "^4.2.2",
        "shvl": "^2.0.3"
      }
    }
  }
}
